// !$*UTF8*$!
{
	archiveVersion = 1;
	classes = {
	};
	objectVersion = 50;
	objects = {

/* Begin PBXBuildFile section */
		06ADE4B2A239663002D24EC5 /* Pods_FindRecipesUITests.framework in Frameworks */ = {isa = PBXBuildFile; fileRef = 2E9584EF75EABEF9AA84EDBE /* Pods_FindRecipesUITests.framework */; };
		1C0D3B2FF8062A9E447B47A3 /* Pods_FindRecipes.framework in Frameworks */ = {isa = PBXBuildFile; fileRef = 2F43DCE59D201EC6CE942F00 /* Pods_FindRecipes.framework */; };
		229ADAA5031BA21FA4558D09 /* Pods_FindRecipesTests.framework in Frameworks */ = {isa = PBXBuildFile; fileRef = 2D975AFFB0AE1FD1C1A9719D /* Pods_FindRecipesTests.framework */; };
		E416939D227BBC0700F68F0E /* RecipeDetailController.swift in Sources */ = {isa = PBXBuildFile; fileRef = E416939C227BBC0700F68F0E /* RecipeDetailController.swift */; };
		E41F7F12226D5D6000E8533A /* AppDelegate.swift in Sources */ = {isa = PBXBuildFile; fileRef = E41F7F11226D5D6000E8533A /* AppDelegate.swift */; };
		E41F7F19226D5D6000E8533A /* Assets.xcassets in Resources */ = {isa = PBXBuildFile; fileRef = E41F7F18226D5D6000E8533A /* Assets.xcassets */; };
		E41F7F1C226D5D6000E8533A /* LaunchScreen.storyboard in Resources */ = {isa = PBXBuildFile; fileRef = E41F7F1A226D5D6000E8533A /* LaunchScreen.storyboard */; };
		E41F7F27226D5D6000E8533A /* FindRecipesTests.swift in Sources */ = {isa = PBXBuildFile; fileRef = E41F7F26226D5D6000E8533A /* FindRecipesTests.swift */; };
		E41F7F32226D5D6000E8533A /* FindRecipesUITests.swift in Sources */ = {isa = PBXBuildFile; fileRef = E41F7F31226D5D6000E8533A /* FindRecipesUITests.swift */; };
		E41F7F40226D5D7500E8533A /* Inceptionv3-1.mlmodel in Sources */ = {isa = PBXBuildFile; fileRef = E41F7F3F226D5D7500E8533A /* Inceptionv3-1.mlmodel */; };
		E41F7F46226D5F9F00E8533A /* AddIngredientController.swift in Sources */ = {isa = PBXBuildFile; fileRef = E41F7F45226D5F9F00E8533A /* AddIngredientController.swift */; };
		E41F7F49226D624E00E8533A /* Extensions.swift in Sources */ = {isa = PBXBuildFile; fileRef = E41F7F48226D624E00E8533A /* Extensions.swift */; };
		E41F7F4B226D64D400E8533A /* IngredientCell.swift in Sources */ = {isa = PBXBuildFile; fileRef = E41F7F4A226D64D400E8533A /* IngredientCell.swift */; };
		E41F7F4D226D661700E8533A /* Ingredient.swift in Sources */ = {isa = PBXBuildFile; fileRef = E41F7F4C226D661700E8533A /* Ingredient.swift */; };
		E421BC202284E9750091DC58 /* GoogleService-Info.plist in Resources */ = {isa = PBXBuildFile; fileRef = E421BC1F2284E9750091DC58 /* GoogleService-Info.plist */; };
		E421BC222284F1680091DC58 /* LoginController.swift in Sources */ = {isa = PBXBuildFile; fileRef = E421BC212284F1680091DC58 /* LoginController.swift */; };
		E44589C222791AAC006ACD82 /* InstructionRequest.swift in Sources */ = {isa = PBXBuildFile; fileRef = E44589C122791AAC006ACD82 /* InstructionRequest.swift */; };
		E46273EE226E782900EBE95F /* Food101.mlmodel in Sources */ = {isa = PBXBuildFile; fileRef = E46273ED226E782900EBE95F /* Food101.mlmodel */; };
		E4856525227512B000B82367 /* Recipe.swift in Sources */ = {isa = PBXBuildFile; fileRef = E4856524227512B000B82367 /* Recipe.swift */; };
		E48565272275191200B82367 /* RecipeController.swift in Sources */ = {isa = PBXBuildFile; fileRef = E48565262275191200B82367 /* RecipeController.swift */; };
		E4856529227532C700B82367 /* RecipeCell.swift in Sources */ = {isa = PBXBuildFile; fileRef = E4856528227532C700B82367 /* RecipeCell.swift */; };
		E485652B2275343D00B82367 /* CustomImageView.swift in Sources */ = {isa = PBXBuildFile; fileRef = E485652A2275343D00B82367 /* CustomImageView.swift */; };
		E4BAD08322729ACB00314B46 /* RecipeRequest.swift in Sources */ = {isa = PBXBuildFile; fileRef = E4BAD08222729ACB00314B46 /* RecipeRequest.swift */; };
		E4BAD08522729DFE00314B46 /* RecipeService.swift in Sources */ = {isa = PBXBuildFile; fileRef = E4BAD08422729DFE00314B46 /* RecipeService.swift */; };
/* End PBXBuildFile section */

/* Begin PBXContainerItemProxy section */
		E41F7F23226D5D6000E8533A /* PBXContainerItemProxy */ = {
			isa = PBXContainerItemProxy;
			containerPortal = E41F7F06226D5D5F00E8533A /* Project object */;
			proxyType = 1;
			remoteGlobalIDString = E41F7F0D226D5D6000E8533A;
			remoteInfo = FindRecipes;
		};
		E41F7F2E226D5D6000E8533A /* PBXContainerItemProxy */ = {
			isa = PBXContainerItemProxy;
			containerPortal = E41F7F06226D5D5F00E8533A /* Project object */;
			proxyType = 1;
			remoteGlobalIDString = E41F7F0D226D5D6000E8533A;
			remoteInfo = FindRecipes;
		};
/* End PBXContainerItemProxy section */

/* Begin PBXFileReference section */
		0005A2F0F37C9481686F13BB /* Pods-FindRecipesUITests.release.xcconfig */ = {isa = PBXFileReference; includeInIndex = 1; lastKnownFileType = text.xcconfig; name = "Pods-FindRecipesUITests.release.xcconfig"; path = "Pods/Target Support Files/Pods-FindRecipesUITests/Pods-FindRecipesUITests.release.xcconfig"; sourceTree = "<group>"; };
		27B1107506ACE6E05F688F21 /* Pods-FindRecipes.debug.xcconfig */ = {isa = PBXFileReference; includeInIndex = 1; lastKnownFileType = text.xcconfig; name = "Pods-FindRecipes.debug.xcconfig"; path = "Pods/Target Support Files/Pods-FindRecipes/Pods-FindRecipes.debug.xcconfig"; sourceTree = "<group>"; };
		2D975AFFB0AE1FD1C1A9719D /* Pods_FindRecipesTests.framework */ = {isa = PBXFileReference; explicitFileType = wrapper.framework; includeInIndex = 0; path = Pods_FindRecipesTests.framework; sourceTree = BUILT_PRODUCTS_DIR; };
		2E9584EF75EABEF9AA84EDBE /* Pods_FindRecipesUITests.framework */ = {isa = PBXFileReference; explicitFileType = wrapper.framework; includeInIndex = 0; path = Pods_FindRecipesUITests.framework; sourceTree = BUILT_PRODUCTS_DIR; };
		2F43DCE59D201EC6CE942F00 /* Pods_FindRecipes.framework */ = {isa = PBXFileReference; explicitFileType = wrapper.framework; includeInIndex = 0; path = Pods_FindRecipes.framework; sourceTree = BUILT_PRODUCTS_DIR; };
		89F9AA1452F44DBF43ADA3B8 /* Pods-FindRecipesUITests.debug.xcconfig */ = {isa = PBXFileReference; includeInIndex = 1; lastKnownFileType = text.xcconfig; name = "Pods-FindRecipesUITests.debug.xcconfig"; path = "Pods/Target Support Files/Pods-FindRecipesUITests/Pods-FindRecipesUITests.debug.xcconfig"; sourceTree = "<group>"; };
		A39816CBA140EA0852D656C8 /* Pods-FindRecipes.release.xcconfig */ = {isa = PBXFileReference; includeInIndex = 1; lastKnownFileType = text.xcconfig; name = "Pods-FindRecipes.release.xcconfig"; path = "Pods/Target Support Files/Pods-FindRecipes/Pods-FindRecipes.release.xcconfig"; sourceTree = "<group>"; };
		E416939C227BBC0700F68F0E /* RecipeDetailController.swift */ = {isa = PBXFileReference; lastKnownFileType = sourcecode.swift; path = RecipeDetailController.swift; sourceTree = "<group>"; };
		E41F7F0E226D5D6000E8533A /* FindRecipes.app */ = {isa = PBXFileReference; explicitFileType = wrapper.application; includeInIndex = 0; path = FindRecipes.app; sourceTree = BUILT_PRODUCTS_DIR; };
		E41F7F11226D5D6000E8533A /* AppDelegate.swift */ = {isa = PBXFileReference; lastKnownFileType = sourcecode.swift; path = AppDelegate.swift; sourceTree = "<group>"; };
		E41F7F18226D5D6000E8533A /* Assets.xcassets */ = {isa = PBXFileReference; lastKnownFileType = folder.assetcatalog; path = Assets.xcassets; sourceTree = "<group>"; };
		E41F7F1B226D5D6000E8533A /* Base */ = {isa = PBXFileReference; lastKnownFileType = file.storyboard; name = Base; path = Base.lproj/LaunchScreen.storyboard; sourceTree = "<group>"; };
		E41F7F1D226D5D6000E8533A /* Info.plist */ = {isa = PBXFileReference; lastKnownFileType = text.plist.xml; path = Info.plist; sourceTree = "<group>"; };
		E41F7F22226D5D6000E8533A /* FindRecipesTests.xctest */ = {isa = PBXFileReference; explicitFileType = wrapper.cfbundle; includeInIndex = 0; path = FindRecipesTests.xctest; sourceTree = BUILT_PRODUCTS_DIR; };
		E41F7F26226D5D6000E8533A /* FindRecipesTests.swift */ = {isa = PBXFileReference; lastKnownFileType = sourcecode.swift; path = FindRecipesTests.swift; sourceTree = "<group>"; };
		E41F7F28226D5D6000E8533A /* Info.plist */ = {isa = PBXFileReference; lastKnownFileType = text.plist.xml; path = Info.plist; sourceTree = "<group>"; };
		E41F7F2D226D5D6000E8533A /* FindRecipesUITests.xctest */ = {isa = PBXFileReference; explicitFileType = wrapper.cfbundle; includeInIndex = 0; path = FindRecipesUITests.xctest; sourceTree = BUILT_PRODUCTS_DIR; };
		E41F7F31226D5D6000E8533A /* FindRecipesUITests.swift */ = {isa = PBXFileReference; lastKnownFileType = sourcecode.swift; path = FindRecipesUITests.swift; sourceTree = "<group>"; };
		E41F7F33226D5D6000E8533A /* Info.plist */ = {isa = PBXFileReference; lastKnownFileType = text.plist.xml; path = Info.plist; sourceTree = "<group>"; };
		E41F7F3F226D5D7500E8533A /* Inceptionv3-1.mlmodel */ = {isa = PBXFileReference; lastKnownFileType = file.mlmodel; path = "Inceptionv3-1.mlmodel"; sourceTree = "<group>"; };
		E41F7F45226D5F9F00E8533A /* AddIngredientController.swift */ = {isa = PBXFileReference; lastKnownFileType = sourcecode.swift; path = AddIngredientController.swift; sourceTree = "<group>"; };
		E41F7F48226D624E00E8533A /* Extensions.swift */ = {isa = PBXFileReference; lastKnownFileType = sourcecode.swift; path = Extensions.swift; sourceTree = "<group>"; };
		E41F7F4A226D64D400E8533A /* IngredientCell.swift */ = {isa = PBXFileReference; lastKnownFileType = sourcecode.swift; path = IngredientCell.swift; sourceTree = "<group>"; };
		E41F7F4C226D661700E8533A /* Ingredient.swift */ = {isa = PBXFileReference; lastKnownFileType = sourcecode.swift; path = Ingredient.swift; sourceTree = "<group>"; };
		E421BC1F2284E9750091DC58 /* GoogleService-Info.plist */ = {isa = PBXFileReference; fileEncoding = 4; lastKnownFileType = text.plist.xml; path = "GoogleService-Info.plist"; sourceTree = "<group>"; };
		E421BC212284F1680091DC58 /* LoginController.swift */ = {isa = PBXFileReference; lastKnownFileType = sourcecode.swift; path = LoginController.swift; sourceTree = "<group>"; };
		E44589C122791AAC006ACD82 /* InstructionRequest.swift */ = {isa = PBXFileReference; lastKnownFileType = sourcecode.swift; path = InstructionRequest.swift; sourceTree = "<group>"; };
		E46273ED226E782900EBE95F /* Food101.mlmodel */ = {isa = PBXFileReference; lastKnownFileType = file.mlmodel; path = Food101.mlmodel; sourceTree = "<group>"; };
		E4856524227512B000B82367 /* Recipe.swift */ = {isa = PBXFileReference; lastKnownFileType = sourcecode.swift; path = Recipe.swift; sourceTree = "<group>"; };
		E48565262275191200B82367 /* RecipeController.swift */ = {isa = PBXFileReference; lastKnownFileType = sourcecode.swift; path = RecipeController.swift; sourceTree = "<group>"; };
		E4856528227532C700B82367 /* RecipeCell.swift */ = {isa = PBXFileReference; lastKnownFileType = sourcecode.swift; path = RecipeCell.swift; sourceTree = "<group>"; };
		E485652A2275343D00B82367 /* CustomImageView.swift */ = {isa = PBXFileReference; lastKnownFileType = sourcecode.swift; path = CustomImageView.swift; sourceTree = "<group>"; };
		E4BAD08222729ACB00314B46 /* RecipeRequest.swift */ = {isa = PBXFileReference; lastKnownFileType = sourcecode.swift; path = RecipeRequest.swift; sourceTree = "<group>"; };
		E4BAD08422729DFE00314B46 /* RecipeService.swift */ = {isa = PBXFileReference; lastKnownFileType = sourcecode.swift; path = RecipeService.swift; sourceTree = "<group>"; };
		EA9F80C68BE3D654A1E13F3B /* Pods-FindRecipesTests.debug.xcconfig */ = {isa = PBXFileReference; includeInIndex = 1; lastKnownFileType = text.xcconfig; name = "Pods-FindRecipesTests.debug.xcconfig"; path = "Pods/Target Support Files/Pods-FindRecipesTests/Pods-FindRecipesTests.debug.xcconfig"; sourceTree = "<group>"; };
		FB6730660E405DA5553FB218 /* Pods-FindRecipesTests.release.xcconfig */ = {isa = PBXFileReference; includeInIndex = 1; lastKnownFileType = text.xcconfig; name = "Pods-FindRecipesTests.release.xcconfig"; path = "Pods/Target Support Files/Pods-FindRecipesTests/Pods-FindRecipesTests.release.xcconfig"; sourceTree = "<group>"; };
/* End PBXFileReference section */

/* Begin PBXFrameworksBuildPhase section */
		E41F7F0B226D5D6000E8533A /* Frameworks */ = {
			isa = PBXFrameworksBuildPhase;
			buildActionMask = 2147483647;
			files = (
				1C0D3B2FF8062A9E447B47A3 /* Pods_FindRecipes.framework in Frameworks */,
			);
			runOnlyForDeploymentPostprocessing = 0;
		};
		E41F7F1F226D5D6000E8533A /* Frameworks */ = {
			isa = PBXFrameworksBuildPhase;
			buildActionMask = 2147483647;
			files = (
				229ADAA5031BA21FA4558D09 /* Pods_FindRecipesTests.framework in Frameworks */,
			);
			runOnlyForDeploymentPostprocessing = 0;
		};
		E41F7F2A226D5D6000E8533A /* Frameworks */ = {
			isa = PBXFrameworksBuildPhase;
			buildActionMask = 2147483647;
			files = (
				06ADE4B2A239663002D24EC5 /* Pods_FindRecipesUITests.framework in Frameworks */,
			);
			runOnlyForDeploymentPostprocessing = 0;
		};
/* End PBXFrameworksBuildPhase section */

/* Begin PBXGroup section */
		340C05FF33209C3BC62F2D95 /* Pods */ = {
			isa = PBXGroup;
			children = (
				27B1107506ACE6E05F688F21 /* Pods-FindRecipes.debug.xcconfig */,
				A39816CBA140EA0852D656C8 /* Pods-FindRecipes.release.xcconfig */,
				EA9F80C68BE3D654A1E13F3B /* Pods-FindRecipesTests.debug.xcconfig */,
				FB6730660E405DA5553FB218 /* Pods-FindRecipesTests.release.xcconfig */,
				89F9AA1452F44DBF43ADA3B8 /* Pods-FindRecipesUITests.debug.xcconfig */,
				0005A2F0F37C9481686F13BB /* Pods-FindRecipesUITests.release.xcconfig */,
			);
			name = Pods;
			sourceTree = "<group>";
		};
		7A8B594FA914121B5FCFD75E /* Frameworks */ = {
			isa = PBXGroup;
			children = (
				2F43DCE59D201EC6CE942F00 /* Pods_FindRecipes.framework */,
				2D975AFFB0AE1FD1C1A9719D /* Pods_FindRecipesTests.framework */,
				2E9584EF75EABEF9AA84EDBE /* Pods_FindRecipesUITests.framework */,
			);
			name = Frameworks;
			sourceTree = "<group>";
		};
		E416939B227BBBBB00F68F0E /* Recipe display */ = {
			isa = PBXGroup;
			children = (
				E4856528227532C700B82367 /* RecipeCell.swift */,
				E48565262275191200B82367 /* RecipeController.swift */,
				E416939C227BBC0700F68F0E /* RecipeDetailController.swift */,
			);
			path = "Recipe display";
			sourceTree = "<group>";
		};
		E41F7F05226D5D5F00E8533A = {
			isa = PBXGroup;
			children = (
				E41F7F10226D5D6000E8533A /* FindRecipes */,
				E41F7F25226D5D6000E8533A /* FindRecipesTests */,
				E41F7F30226D5D6000E8533A /* FindRecipesUITests */,
				E41F7F0F226D5D6000E8533A /* Products */,
				340C05FF33209C3BC62F2D95 /* Pods */,
				7A8B594FA914121B5FCFD75E /* Frameworks */,
			);
			sourceTree = "<group>";
		};
		E41F7F0F226D5D6000E8533A /* Products */ = {
			isa = PBXGroup;
			children = (
				E41F7F0E226D5D6000E8533A /* FindRecipes.app */,
				E41F7F22226D5D6000E8533A /* FindRecipesTests.xctest */,
				E41F7F2D226D5D6000E8533A /* FindRecipesUITests.xctest */,
			);
			name = Products;
			sourceTree = "<group>";
		};
		E41F7F10226D5D6000E8533A /* FindRecipes */ = {
			isa = PBXGroup;
			children = (
				E41F7F11226D5D6000E8533A /* AppDelegate.swift */,
				E41F7F18226D5D6000E8533A /* Assets.xcassets */,
				E41F7F1A226D5D6000E8533A /* LaunchScreen.storyboard */,
				E41F7F1D226D5D6000E8533A /* Info.plist */,
				E421BC1F2284E9750091DC58 /* GoogleService-Info.plist */,
				E41F7F45226D5F9F00E8533A /* AddIngredientController.swift */,
				E41F7F4A226D64D400E8533A /* IngredientCell.swift */,
				E46273ED226E782900EBE95F /* Food101.mlmodel */,
				E41F7F3F226D5D7500E8533A /* Inceptionv3-1.mlmodel */,
				E4BAD08422729DFE00314B46 /* RecipeService.swift */,
				E4BAD08222729ACB00314B46 /* RecipeRequest.swift */,
				E44589C122791AAC006ACD82 /* InstructionRequest.swift */,
				E416939B227BBBBB00F68F0E /* Recipe display */,
				E41F7F4E226D661B00E8533A /* Models */,
				E41F7F47226D623700E8533A /* Utils */,
				E421BC212284F1680091DC58 /* LoginController.swift */,
			);
			path = FindRecipes;
			sourceTree = "<group>";
		};
		E41F7F25226D5D6000E8533A /* FindRecipesTests */ = {
			isa = PBXGroup;
			children = (
				E41F7F26226D5D6000E8533A /* FindRecipesTests.swift */,
				E41F7F28226D5D6000E8533A /* Info.plist */,
			);
			path = FindRecipesTests;
			sourceTree = "<group>";
		};
		E41F7F30226D5D6000E8533A /* FindRecipesUITests */ = {
			isa = PBXGroup;
			children = (
				E41F7F31226D5D6000E8533A /* FindRecipesUITests.swift */,
				E41F7F33226D5D6000E8533A /* Info.plist */,
			);
			path = FindRecipesUITests;
			sourceTree = "<group>";
		};
		E41F7F47226D623700E8533A /* Utils */ = {
			isa = PBXGroup;
			children = (
				E41F7F48226D624E00E8533A /* Extensions.swift */,
				E485652A2275343D00B82367 /* CustomImageView.swift */,
			);
			path = Utils;
			sourceTree = "<group>";
		};
		E41F7F4E226D661B00E8533A /* Models */ = {
			isa = PBXGroup;
			children = (
				E41F7F4C226D661700E8533A /* Ingredient.swift */,
				E4856524227512B000B82367 /* Recipe.swift */,
			);
			path = Models;
			sourceTree = "<group>";
		};
/* End PBXGroup section */

/* Begin PBXNativeTarget section */
		E41F7F0D226D5D6000E8533A /* FindRecipes */ = {
			isa = PBXNativeTarget;
			buildConfigurationList = E41F7F36226D5D6000E8533A /* Build configuration list for PBXNativeTarget "FindRecipes" */;
			buildPhases = (
				BD7B0B1E8AA901ECED95AC13 /* [CP] Check Pods Manifest.lock */,
				E41F7F0A226D5D6000E8533A /* Sources */,
				E41F7F0B226D5D6000E8533A /* Frameworks */,
				E41F7F0C226D5D6000E8533A /* Resources */,
				5D24F9EF0C1729518F9D63D8 /* [CP] Embed Pods Frameworks */,
			);
			buildRules = (
			);
			dependencies = (
			);
			name = FindRecipes;
			productName = FindRecipes;
			productReference = E41F7F0E226D5D6000E8533A /* FindRecipes.app */;
			productType = "com.apple.product-type.application";
		};
		E41F7F21226D5D6000E8533A /* FindRecipesTests */ = {
			isa = PBXNativeTarget;
			buildConfigurationList = E41F7F39226D5D6000E8533A /* Build configuration list for PBXNativeTarget "FindRecipesTests" */;
			buildPhases = (
				AE513CC1C48F08E159DA60BF /* [CP] Check Pods Manifest.lock */,
				E41F7F1E226D5D6000E8533A /* Sources */,
				E41F7F1F226D5D6000E8533A /* Frameworks */,
				E41F7F20226D5D6000E8533A /* Resources */,
			);
			buildRules = (
			);
			dependencies = (
				E41F7F24226D5D6000E8533A /* PBXTargetDependency */,
			);
			name = FindRecipesTests;
			productName = FindRecipesTests;
			productReference = E41F7F22226D5D6000E8533A /* FindRecipesTests.xctest */;
			productType = "com.apple.product-type.bundle.unit-test";
		};
		E41F7F2C226D5D6000E8533A /* FindRecipesUITests */ = {
			isa = PBXNativeTarget;
			buildConfigurationList = E41F7F3C226D5D6000E8533A /* Build configuration list for PBXNativeTarget "FindRecipesUITests" */;
			buildPhases = (
				F9FBDAC5A356F2D61324C1CB /* [CP] Check Pods Manifest.lock */,
				E41F7F29226D5D6000E8533A /* Sources */,
				E41F7F2A226D5D6000E8533A /* Frameworks */,
				E41F7F2B226D5D6000E8533A /* Resources */,
			);
			buildRules = (
			);
			dependencies = (
				E41F7F2F226D5D6000E8533A /* PBXTargetDependency */,
			);
			name = FindRecipesUITests;
			productName = FindRecipesUITests;
			productReference = E41F7F2D226D5D6000E8533A /* FindRecipesUITests.xctest */;
			productType = "com.apple.product-type.bundle.ui-testing";
		};
/* End PBXNativeTarget section */

/* Begin PBXProject section */
		E41F7F06226D5D5F00E8533A /* Project object */ = {
			isa = PBXProject;
			attributes = {
				LastSwiftUpdateCheck = 1020;
				LastUpgradeCheck = 1020;
				ORGANIZATIONNAME = "wenlong qiu";
				TargetAttributes = {
					E41F7F0D226D5D6000E8533A = {
						CreatedOnToolsVersion = 10.2.1;
					};
					E41F7F21226D5D6000E8533A = {
						CreatedOnToolsVersion = 10.2.1;
						TestTargetID = E41F7F0D226D5D6000E8533A;
					};
					E41F7F2C226D5D6000E8533A = {
						CreatedOnToolsVersion = 10.2.1;
						TestTargetID = E41F7F0D226D5D6000E8533A;
					};
				};
			};
			buildConfigurationList = E41F7F09226D5D5F00E8533A /* Build configuration list for PBXProject "FindRecipes" */;
			compatibilityVersion = "Xcode 9.3";
			developmentRegion = en;
			hasScannedForEncodings = 0;
			knownRegions = (
				en,
				Base,
			);
			mainGroup = E41F7F05226D5D5F00E8533A;
			productRefGroup = E41F7F0F226D5D6000E8533A /* Products */;
			projectDirPath = "";
			projectRoot = "";
			targets = (
				E41F7F0D226D5D6000E8533A /* FindRecipes */,
				E41F7F21226D5D6000E8533A /* FindRecipesTests */,
				E41F7F2C226D5D6000E8533A /* FindRecipesUITests */,
			);
		};
/* End PBXProject section */

/* Begin PBXResourcesBuildPhase section */
		E41F7F0C226D5D6000E8533A /* Resources */ = {
			isa = PBXResourcesBuildPhase;
			buildActionMask = 2147483647;
			files = (
				E41F7F1C226D5D6000E8533A /* LaunchScreen.storyboard in Resources */,
				E41F7F19226D5D6000E8533A /* Assets.xcassets in Resources */,
				E421BC202284E9750091DC58 /* GoogleService-Info.plist in Resources */,
			);
			runOnlyForDeploymentPostprocessing = 0;
		};
		E41F7F20226D5D6000E8533A /* Resources */ = {
			isa = PBXResourcesBuildPhase;
			buildActionMask = 2147483647;
			files = (
			);
			runOnlyForDeploymentPostprocessing = 0;
		};
		E41F7F2B226D5D6000E8533A /* Resources */ = {
			isa = PBXResourcesBuildPhase;
			buildActionMask = 2147483647;
			files = (
			);
			runOnlyForDeploymentPostprocessing = 0;
		};
/* End PBXResourcesBuildPhase section */

/* Begin PBXShellScriptBuildPhase section */
		5D24F9EF0C1729518F9D63D8 /* [CP] Embed Pods Frameworks */ = {
			isa = PBXShellScriptBuildPhase;
			buildActionMask = 2147483647;
			files = (
			);
			inputPaths = (
				"${SRCROOT}/Pods/Target Support Files/Pods-FindRecipes/Pods-FindRecipes-frameworks.sh",
				"${BUILT_PRODUCTS_DIR}/Alamofire/Alamofire.framework",
				"${BUILT_PRODUCTS_DIR}/GTMSessionFetcher/GTMSessionFetcher.framework",
				"${BUILT_PRODUCTS_DIR}/GoogleUtilities/GoogleUtilities.framework",
				"${BUILT_PRODUCTS_DIR}/InputBarAccessoryView/InputBarAccessoryView.framework",
				"${BUILT_PRODUCTS_DIR}/Protobuf/Protobuf.framework",
				"${BUILT_PRODUCTS_DIR}/SwiftyJSON/SwiftyJSON.framework",
				"${BUILT_PRODUCTS_DIR}/SwipeCellKit/SwipeCellKit.framework",
				"${BUILT_PRODUCTS_DIR}/leveldb-library/leveldb.framework",
				"${BUILT_PRODUCTS_DIR}/nanopb/nanopb.framework",
			);
			name = "[CP] Embed Pods Frameworks";
			outputPaths = (
				"${TARGET_BUILD_DIR}/${FRAMEWORKS_FOLDER_PATH}/Alamofire.framework",
				"${TARGET_BUILD_DIR}/${FRAMEWORKS_FOLDER_PATH}/GTMSessionFetcher.framework",
				"${TARGET_BUILD_DIR}/${FRAMEWORKS_FOLDER_PATH}/GoogleUtilities.framework",
				"${TARGET_BUILD_DIR}/${FRAMEWORKS_FOLDER_PATH}/InputBarAccessoryView.framework",
				"${TARGET_BUILD_DIR}/${FRAMEWORKS_FOLDER_PATH}/Protobuf.framework",
				"${TARGET_BUILD_DIR}/${FRAMEWORKS_FOLDER_PATH}/SwiftyJSON.framework",
				"${TARGET_BUILD_DIR}/${FRAMEWORKS_FOLDER_PATH}/SwipeCellKit.framework",
				"${TARGET_BUILD_DIR}/${FRAMEWORKS_FOLDER_PATH}/leveldb.framework",
				"${TARGET_BUILD_DIR}/${FRAMEWORKS_FOLDER_PATH}/nanopb.framework",
			);
			runOnlyForDeploymentPostprocessing = 0;
			shellPath = /bin/sh;
			shellScript = "\"${SRCROOT}/Pods/Target Support Files/Pods-FindRecipes/Pods-FindRecipes-frameworks.sh\"\n";
			showEnvVarsInLog = 0;
		};
		AE513CC1C48F08E159DA60BF /* [CP] Check Pods Manifest.lock */ = {
			isa = PBXShellScriptBuildPhase;
			buildActionMask = 2147483647;
			files = (
			);
			inputPaths = (
				"${PODS_PODFILE_DIR_PATH}/Podfile.lock",
				"${PODS_ROOT}/Manifest.lock",
			);
			name = "[CP] Check Pods Manifest.lock";
			outputPaths = (
				"$(DERIVED_FILE_DIR)/Pods-FindRecipesTests-checkManifestLockResult.txt",
			);
			runOnlyForDeploymentPostprocessing = 0;
			shellPath = /bin/sh;
			shellScript = "diff \"${PODS_PODFILE_DIR_PATH}/Podfile.lock\" \"${PODS_ROOT}/Manifest.lock\" > /dev/null\nif [ $? != 0 ] ; then\n    # print error to STDERR\n    echo \"error: The sandbox is not in sync with the Podfile.lock. Run 'pod install' or update your CocoaPods installation.\" >&2\n    exit 1\nfi\n# This output is used by Xcode 'outputs' to avoid re-running this script phase.\necho \"SUCCESS\" > \"${SCRIPT_OUTPUT_FILE_0}\"\n";
			showEnvVarsInLog = 0;
		};
		BD7B0B1E8AA901ECED95AC13 /* [CP] Check Pods Manifest.lock */ = {
			isa = PBXShellScriptBuildPhase;
			buildActionMask = 2147483647;
			files = (
			);
			inputPaths = (
				"${PODS_PODFILE_DIR_PATH}/Podfile.lock",
				"${PODS_ROOT}/Manifest.lock",
			);
			name = "[CP] Check Pods Manifest.lock";
			outputPaths = (
				"$(DERIVED_FILE_DIR)/Pods-FindRecipes-checkManifestLockResult.txt",
			);
			runOnlyForDeploymentPostprocessing = 0;
			shellPath = /bin/sh;
			shellScript = "diff \"${PODS_PODFILE_DIR_PATH}/Podfile.lock\" \"${PODS_ROOT}/Manifest.lock\" > /dev/null\nif [ $? != 0 ] ; then\n    # print error to STDERR\n    echo \"error: The sandbox is not in sync with the Podfile.lock. Run 'pod install' or update your CocoaPods installation.\" >&2\n    exit 1\nfi\n# This output is used by Xcode 'outputs' to avoid re-running this script phase.\necho \"SUCCESS\" > \"${SCRIPT_OUTPUT_FILE_0}\"\n";
			showEnvVarsInLog = 0;
		};
		F9FBDAC5A356F2D61324C1CB /* [CP] Check Pods Manifest.lock */ = {
			isa = PBXShellScriptBuildPhase;
			buildActionMask = 2147483647;
			files = (
			);
			inputPaths = (
				"${PODS_PODFILE_DIR_PATH}/Podfile.lock",
				"${PODS_ROOT}/Manifest.lock",
			);
			name = "[CP] Check Pods Manifest.lock";
			outputPaths = (
				"$(DERIVED_FILE_DIR)/Pods-FindRecipesUITests-checkManifestLockResult.txt",
			);
			runOnlyForDeploymentPostprocessing = 0;
			shellPath = /bin/sh;
			shellScript = "diff \"${PODS_PODFILE_DIR_PATH}/Podfile.lock\" \"${PODS_ROOT}/Manifest.lock\" > /dev/null\nif [ $? != 0 ] ; then\n    # print error to STDERR\n    echo \"error: The sandbox is not in sync with the Podfile.lock. Run 'pod install' or update your CocoaPods installation.\" >&2\n    exit 1\nfi\n# This output is used by Xcode 'outputs' to avoid re-running this script phase.\necho \"SUCCESS\" > \"${SCRIPT_OUTPUT_FILE_0}\"\n";
			showEnvVarsInLog = 0;
		};
/* End PBXShellScriptBuildPhase section */

/* Begin PBXSourcesBuildPhase section */
		E41F7F0A226D5D6000E8533A /* Sources */ = {
			isa = PBXSourcesBuildPhase;
			buildActionMask = 2147483647;
			files = (
				E44589C222791AAC006ACD82 /* InstructionRequest.swift in Sources */,
				E46273EE226E782900EBE95F /* Food101.mlmodel in Sources */,
				E41F7F46226D5F9F00E8533A /* AddIngredientController.swift in Sources */,
				E41F7F4B226D64D400E8533A /* IngredientCell.swift in Sources */,
				E4856529227532C700B82367 /* RecipeCell.swift in Sources */,
				E41F7F4D226D661700E8533A /* Ingredient.swift in Sources */,
				E4BAD08522729DFE00314B46 /* RecipeService.swift in Sources */,
				E41F7F12226D5D6000E8533A /* AppDelegate.swift in Sources */,
				E41F7F40226D5D7500E8533A /* Inceptionv3-1.mlmodel in Sources */,
				E41F7F49226D624E00E8533A /* Extensions.swift in Sources */,
				E4BAD08322729ACB00314B46 /* RecipeRequest.swift in Sources */,
				E416939D227BBC0700F68F0E /* RecipeDetailController.swift in Sources */,
				E48565272275191200B82367 /* RecipeController.swift in Sources */,
				E421BC222284F1680091DC58 /* LoginController.swift in Sources */,
				E4856525227512B000B82367 /* Recipe.swift in Sources */,
				E485652B2275343D00B82367 /* CustomImageView.swift in Sources */,
			);
			runOnlyForDeploymentPostprocessing = 0;
		};
		E41F7F1E226D5D6000E8533A /* Sources */ = {
			isa = PBXSourcesBuildPhase;
			buildActionMask = 2147483647;
			files = (
				E41F7F27226D5D6000E8533A /* FindRecipesTests.swift in Sources */,
			);
			runOnlyForDeploymentPostprocessing = 0;
		};
		E41F7F29226D5D6000E8533A /* Sources */ = {
			isa = PBXSourcesBuildPhase;
			buildActionMask = 2147483647;
			files = (
				E41F7F32226D5D6000E8533A /* FindRecipesUITests.swift in Sources */,
			);
			runOnlyForDeploymentPostprocessing = 0;
		};
/* End PBXSourcesBuildPhase section */

/* Begin PBXTargetDependency section */
		E41F7F24226D5D6000E8533A /* PBXTargetDependency */ = {
			isa = PBXTargetDependency;
			target = E41F7F0D226D5D6000E8533A /* FindRecipes */;
			targetProxy = E41F7F23226D5D6000E8533A /* PBXContainerItemProxy */;
		};
		E41F7F2F226D5D6000E8533A /* PBXTargetDependency */ = {
			isa = PBXTargetDependency;
			target = E41F7F0D226D5D6000E8533A /* FindRecipes */;
			targetProxy = E41F7F2E226D5D6000E8533A /* PBXContainerItemProxy */;
		};
/* End PBXTargetDependency section */

/* Begin PBXVariantGroup section */
		E41F7F1A226D5D6000E8533A /* LaunchScreen.storyboard */ = {
			isa = PBXVariantGroup;
			children = (
				E41F7F1B226D5D6000E8533A /* Base */,
			);
			name = LaunchScreen.storyboard;
			sourceTree = "<group>";
		};
/* End PBXVariantGroup section */

/* Begin XCBuildConfiguration section */
		E41F7F34226D5D6000E8533A /* Debug */ = {
			isa = XCBuildConfiguration;
			buildSettings = {
				ALWAYS_SEARCH_USER_PATHS = NO;
				CLANG_ANALYZER_NONNULL = YES;
				CLANG_ANALYZER_NUMBER_OBJECT_CONVERSION = YES_AGGRESSIVE;
				CLANG_CXX_LANGUAGE_STANDARD = "gnu++14";
				CLANG_CXX_LIBRARY = "libc++";
				CLANG_ENABLE_MODULES = YES;
				CLANG_ENABLE_OBJC_ARC = YES;
				CLANG_ENABLE_OBJC_WEAK = YES;
				CLANG_WARN_BLOCK_CAPTURE_AUTORELEASING = YES;
				CLANG_WARN_BOOL_CONVERSION = YES;
				CLANG_WARN_COMMA = YES;
				CLANG_WARN_CONSTANT_CONVERSION = YES;
				CLANG_WARN_DEPRECATED_OBJC_IMPLEMENTATIONS = YES;
				CLANG_WARN_DIRECT_OBJC_ISA_USAGE = YES_ERROR;
				CLANG_WARN_DOCUMENTATION_COMMENTS = YES;
				CLANG_WARN_EMPTY_BODY = YES;
				CLANG_WARN_ENUM_CONVERSION = YES;
				CLANG_WARN_INFINITE_RECURSION = YES;
				CLANG_WARN_INT_CONVERSION = YES;
				CLANG_WARN_NON_LITERAL_NULL_CONVERSION = YES;
				CLANG_WARN_OBJC_IMPLICIT_RETAIN_SELF = YES;
				CLANG_WARN_OBJC_LITERAL_CONVERSION = YES;
				CLANG_WARN_OBJC_ROOT_CLASS = YES_ERROR;
				CLANG_WARN_RANGE_LOOP_ANALYSIS = YES;
				CLANG_WARN_STRICT_PROTOTYPES = YES;
				CLANG_WARN_SUSPICIOUS_MOVE = YES;
				CLANG_WARN_UNGUARDED_AVAILABILITY = YES_AGGRESSIVE;
				CLANG_WARN_UNREACHABLE_CODE = YES;
				CLANG_WARN__DUPLICATE_METHOD_MATCH = YES;
				CODE_SIGN_IDENTITY = "iPhone Developer";
				COPY_PHASE_STRIP = NO;
				DEBUG_INFORMATION_FORMAT = dwarf;
				ENABLE_STRICT_OBJC_MSGSEND = YES;
				ENABLE_TESTABILITY = YES;
				GCC_C_LANGUAGE_STANDARD = gnu11;
				GCC_DYNAMIC_NO_PIC = NO;
				GCC_NO_COMMON_BLOCKS = YES;
				GCC_OPTIMIZATION_LEVEL = 0;
				GCC_PREPROCESSOR_DEFINITIONS = (
					"DEBUG=1",
					"$(inherited)",
				);
				GCC_WARN_64_TO_32_BIT_CONVERSION = YES;
				GCC_WARN_ABOUT_RETURN_TYPE = YES_ERROR;
				GCC_WARN_UNDECLARED_SELECTOR = YES;
				GCC_WARN_UNINITIALIZED_AUTOS = YES_AGGRESSIVE;
				GCC_WARN_UNUSED_FUNCTION = YES;
				GCC_WARN_UNUSED_VARIABLE = YES;
				IPHONEOS_DEPLOYMENT_TARGET = 12.2;
				MTL_ENABLE_DEBUG_INFO = INCLUDE_SOURCE;
				MTL_FAST_MATH = YES;
				ONLY_ACTIVE_ARCH = YES;
				SDKROOT = iphoneos;
				SWIFT_ACTIVE_COMPILATION_CONDITIONS = DEBUG;
				SWIFT_OPTIMIZATION_LEVEL = "-Onone";
			};
			name = Debug;
		};
		E41F7F35226D5D6000E8533A /* Release */ = {
			isa = XCBuildConfiguration;
			buildSettings = {
				ALWAYS_SEARCH_USER_PATHS = NO;
				CLANG_ANALYZER_NONNULL = YES;
				CLANG_ANALYZER_NUMBER_OBJECT_CONVERSION = YES_AGGRESSIVE;
				CLANG_CXX_LANGUAGE_STANDARD = "gnu++14";
				CLANG_CXX_LIBRARY = "libc++";
				CLANG_ENABLE_MODULES = YES;
				CLANG_ENABLE_OBJC_ARC = YES;
				CLANG_ENABLE_OBJC_WEAK = YES;
				CLANG_WARN_BLOCK_CAPTURE_AUTORELEASING = YES;
				CLANG_WARN_BOOL_CONVERSION = YES;
				CLANG_WARN_COMMA = YES;
				CLANG_WARN_CONSTANT_CONVERSION = YES;
				CLANG_WARN_DEPRECATED_OBJC_IMPLEMENTATIONS = YES;
				CLANG_WARN_DIRECT_OBJC_ISA_USAGE = YES_ERROR;
				CLANG_WARN_DOCUMENTATION_COMMENTS = YES;
				CLANG_WARN_EMPTY_BODY = YES;
				CLANG_WARN_ENUM_CONVERSION = YES;
				CLANG_WARN_INFINITE_RECURSION = YES;
				CLANG_WARN_INT_CONVERSION = YES;
				CLANG_WARN_NON_LITERAL_NULL_CONVERSION = YES;
				CLANG_WARN_OBJC_IMPLICIT_RETAIN_SELF = YES;
				CLANG_WARN_OBJC_LITERAL_CONVERSION = YES;
				CLANG_WARN_OBJC_ROOT_CLASS = YES_ERROR;
				CLANG_WARN_RANGE_LOOP_ANALYSIS = YES;
				CLANG_WARN_STRICT_PROTOTYPES = YES;
				CLANG_WARN_SUSPICIOUS_MOVE = YES;
				CLANG_WARN_UNGUARDED_AVAILABILITY = YES_AGGRESSIVE;
				CLANG_WARN_UNREACHABLE_CODE = YES;
				CLANG_WARN__DUPLICATE_METHOD_MATCH = YES;
				CODE_SIGN_IDENTITY = "iPhone Developer";
				COPY_PHASE_STRIP = NO;
				DEBUG_INFORMATION_FORMAT = "dwarf-with-dsym";
				ENABLE_NS_ASSERTIONS = NO;
				ENABLE_STRICT_OBJC_MSGSEND = YES;
				GCC_C_LANGUAGE_STANDARD = gnu11;
				GCC_NO_COMMON_BLOCKS = YES;
				GCC_WARN_64_TO_32_BIT_CONVERSION = YES;
				GCC_WARN_ABOUT_RETURN_TYPE = YES_ERROR;
				GCC_WARN_UNDECLARED_SELECTOR = YES;
				GCC_WARN_UNINITIALIZED_AUTOS = YES_AGGRESSIVE;
				GCC_WARN_UNUSED_FUNCTION = YES;
				GCC_WARN_UNUSED_VARIABLE = YES;
				IPHONEOS_DEPLOYMENT_TARGET = 12.2;
				MTL_ENABLE_DEBUG_INFO = NO;
				MTL_FAST_MATH = YES;
				SDKROOT = iphoneos;
				SWIFT_COMPILATION_MODE = wholemodule;
				SWIFT_OPTIMIZATION_LEVEL = "-O";
				VALIDATE_PRODUCT = YES;
			};
			name = Release;
		};
		E41F7F37226D5D6000E8533A /* Debug */ = {
			isa = XCBuildConfiguration;
			baseConfigurationReference = 27B1107506ACE6E05F688F21 /* Pods-FindRecipes.debug.xcconfig */;
			buildSettings = {
				ASSETCATALOG_COMPILER_APPICON_NAME = AppIcon;
				CODE_SIGN_STYLE = Automatic;
				DEVELOPMENT_TEAM = 783VTM2647;
				INFOPLIST_FILE = FindRecipes/Info.plist;
				LD_RUNPATH_SEARCH_PATHS = (
					"$(inherited)",
					"@executable_path/Frameworks",
				);
				PRODUCT_BUNDLE_IDENTIFIER = com.damonqiu26.FindRecipes;
				PRODUCT_NAME = "$(TARGET_NAME)";
				SWIFT_VERSION = 5.0;
				TARGETED_DEVICE_FAMILY = "1,2";
			};
			name = Debug;
		};
		E41F7F38226D5D6000E8533A /* Release */ = {
			isa = XCBuildConfiguration;
			baseConfigurationReference = A39816CBA140EA0852D656C8 /* Pods-FindRecipes.release.xcconfig */;
			buildSettings = {
				ASSETCATALOG_COMPILER_APPICON_NAME = AppIcon;
				CODE_SIGN_STYLE = Automatic;
				DEVELOPMENT_TEAM = 783VTM2647;
				INFOPLIST_FILE = FindRecipes/Info.plist;
				LD_RUNPATH_SEARCH_PATHS = (
					"$(inherited)",
					"@executable_path/Frameworks",
				);
				PRODUCT_BUNDLE_IDENTIFIER = com.damonqiu26.FindRecipes;
				PRODUCT_NAME = "$(TARGET_NAME)";
				SWIFT_VERSION = 5.0;
				TARGETED_DEVICE_FAMILY = "1,2";
			};
			name = Release;
		};
		E41F7F3A226D5D6000E8533A /* Debug */ = {
			isa = XCBuildConfiguration;
			baseConfigurationReference = EA9F80C68BE3D654A1E13F3B /* Pods-FindRecipesTests.debug.xcconfig */;
			buildSettings = {
				ALWAYS_EMBED_SWIFT_STANDARD_LIBRARIES = YES;
				BUNDLE_LOADER = "$(TEST_HOST)";
				CODE_SIGN_STYLE = Automatic;
				DEVELOPMENT_TEAM = 783VTM2647;
				INFOPLIST_FILE = FindRecipesTests/Info.plist;
				LD_RUNPATH_SEARCH_PATHS = (
					"$(inherited)",
					"@executable_path/Frameworks",
					"@loader_path/Frameworks",
				);
				PRODUCT_BUNDLE_IDENTIFIER = com.damonqiu26.FindRecipesTests;
				PRODUCT_NAME = "$(TARGET_NAME)";
				SWIFT_VERSION = 5.0;
				TARGETED_DEVICE_FAMILY = "1,2";
				TEST_HOST = "$(BUILT_PRODUCTS_DIR)/FindRecipes.app/FindRecipes";
			};
			name = Debug;
		};
		E41F7F3B226D5D6000E8533A /* Release */ = {
			isa = XCBuildConfiguration;
			baseConfigurationReference = FB6730660E405DA5553FB218 /* Pods-FindRecipesTests.release.xcconfig */;
			buildSettings = {
				ALWAYS_EMBED_SWIFT_STANDARD_LIBRARIES = YES;
				BUNDLE_LOADER = "$(TEST_HOST)";
				CODE_SIGN_STYLE = Automatic;
				DEVELOPMENT_TEAM = 783VTM2647;
				INFOPLIST_FILE = FindRecipesTests/Info.plist;
				LD_RUNPATH_SEARCH_PATHS = (
					"$(inherited)",
					"@executable_path/Frameworks",
					"@loader_path/Frameworks",
				);
				PRODUCT_BUNDLE_IDENTIFIER = com.damonqiu26.FindRecipesTests;
				PRODUCT_NAME = "$(TARGET_NAME)";
				SWIFT_VERSION = 5.0;
				TARGETED_DEVICE_FAMILY = "1,2";
				TEST_HOST = "$(BUILT_PRODUCTS_DIR)/FindRecipes.app/FindRecipes";
			};
			name = Release;
		};
		E41F7F3D226D5D6000E8533A /* Debug */ = {
			isa = XCBuildConfiguration;
			baseConfigurationReference = 89F9AA1452F44DBF43ADA3B8 /* Pods-FindRecipesUITests.debug.xcconfig */;
			buildSettings = {
				ALWAYS_EMBED_SWIFT_STANDARD_LIBRARIES = YES;
				CODE_SIGN_STYLE = Automatic;
				DEVELOPMENT_TEAM = 783VTM2647;
				INFOPLIST_FILE = FindRecipesUITests/Info.plist;
				LD_RUNPATH_SEARCH_PATHS = (
					"$(inherited)",
					"@executable_path/Frameworks",
					"@loader_path/Frameworks",
				);
				PRODUCT_BUNDLE_IDENTIFIER = com.damonqiu26.FindRecipesUITests;
				PRODUCT_NAME = "$(TARGET_NAME)";
				SWIFT_VERSION = 5.0;
				TARGETED_DEVICE_FAMILY = "1,2";
				TEST_TARGET_NAME = FindRecipes;
			};
			name = Debug;
		};
		E41F7F3E226D5D6000E8533A /* Release */ = {
			isa = XCBuildConfiguration;
			baseConfigurationReference = 0005A2F0F37C9481686F13BB /* Pods-FindRecipesUITests.release.xcconfig */;
			buildSettings = {
				ALWAYS_EMBED_SWIFT_STANDARD_LIBRARIES = YES;
				CODE_SIGN_STYLE = Automatic;
				DEVELOPMENT_TEAM = 783VTM2647;
				INFOPLIST_FILE = FindRecipesUITests/Info.plist;
				LD_RUNPATH_SEARCH_PATHS = (
					"$(inherited)",
					"@executable_path/Frameworks",
					"@loader_path/Frameworks",
				);
				PRODUCT_BUNDLE_IDENTIFIER = com.damonqiu26.FindRecipesUITests;
				PRODUCT_NAME = "$(TARGET_NAME)";
				SWIFT_VERSION = 5.0;
				TARGETED_DEVICE_FAMILY = "1,2";
				TEST_TARGET_NAME = FindRecipes;
			};
			name = Release;
		};
/* End XCBuildConfiguration section */

/* Begin XCConfigurationList section */
		E41F7F09226D5D5F00E8533A /* Build configuration list for PBXProject "FindRecipes" */ = {
			isa = XCConfigurationList;
			buildConfigurations = (
				E41F7F34226D5D6000E8533A /* Debug */,
				E41F7F35226D5D6000E8533A /* Release */,
			);
			defaultConfigurationIsVisible = 0;
			defaultConfigurationName = Release;
		};
		E41F7F36226D5D6000E8533A /* Build configuration list for PBXNativeTarget "FindRecipes" */ = {
			isa = XCConfigurationList;
			buildConfigurations = (
				E41F7F37226D5D6000E8533A /* Debug */,
				E41F7F38226D5D6000E8533A /* Release */,
			);
			defaultConfigurationIsVisible = 0;
			defaultConfigurationName = Release;
		};
		E41F7F39226D5D6000E8533A /* Build configuration list for PBXNativeTarget "FindRecipesTests" */ = {
			isa = XCConfigurationList;
			buildConfigurations = (
				E41F7F3A226D5D6000E8533A /* Debug */,
				E41F7F3B226D5D6000E8533A /* Release */,
			);
			defaultConfigurationIsVisible = 0;
			defaultConfigurationName = Release;
		};
		E41F7F3C226D5D6000E8533A /* Build configuration list for PBXNativeTarget "FindRecipesUITests" */ = {
			isa = XCConfigurationList;
			buildConfigurations = (
				E41F7F3D226D5D6000E8533A /* Debug */,
				E41F7F3E226D5D6000E8533A /* Release */,
			);
			defaultConfigurationIsVisible = 0;
			defaultConfigurationName = Release;
		};
/* End XCConfigurationList section */
	};
	rootObject = E41F7F06226D5D5F00E8533A /* Project object */;
}
